// !$*UTF8*$!
{
	archiveVersion = 1;
	classes = {
	};
	objectVersion = 46;
	objects = {

/* Begin PBXBuildFile section */
		912D1DF619AC755100EFA956 /* KCPublicAccountViewController.m in Sources */ = {isa = PBXBuildFile; fileRef = 912D1DF519AC755100EFA956 /* KCPublicAccountViewController.m */; };
		9141794319AD8CED00EA1D53 /* KCMainViewController.m in Sources */ = {isa = PBXBuildFile; fileRef = 9141794219AD8CED00EA1D53 /* KCMainViewController.m */; };
		9141794619AD8D5C00EA1D53 /* KCLoginViewController.m in Sources */ = {isa = PBXBuildFile; fileRef = 9141794519AD8D5C00EA1D53 /* KCLoginViewController.m */; };
		91CE1E0219ADCA4B00E68327 /* bottleTipButtonNormal@2x.png in Resources */ = {isa = PBXBuildFile; fileRef = 91CE1E0119ADCA4B00E68327 /* bottleTipButtonNormal@2x.png */; };
		91CE1E0519ADD43300E68327 /* KCMeViewController.m in Sources */ = {isa = PBXBuildFile; fileRef = 91CE1E0419ADD43300E68327 /* KCMeViewController.m */; };
		91D0FA3319AC5A39000AD370 /* KCFriendViewController.m in Sources */ = {isa = PBXBuildFile; fileRef = 91D0FA3219AC5A39000AD370 /* KCFriendViewController.m */; };
		91D0FA3619AC5A4E000AD370 /* KCQQContactViewController.m in Sources */ = {isa = PBXBuildFile; fileRef = 91D0FA3519AC5A4E000AD370 /* KCQQContactViewController.m */; };
		91D0FA3819AC6A27000AD370 /* ff_IconAdd@2x.png in Resources */ = {isa = PBXBuildFile; fileRef = 91D0FA3719AC6A27000AD370 /* ff_IconAdd@2x.png */; };
		91D1A64119AB0A9D009E56F0 /* main.m in Sources */ = {isa = PBXBuildFile; fileRef = 91D1A64019AB0A9D009E56F0 /* main.m */; };
		91D1A64419AB0A9D009E56F0 /* AppDelegate.m in Sources */ = {isa = PBXBuildFile; fileRef = 91D1A64319AB0A9D009E56F0 /* AppDelegate.m */; };
		91D1A64719AB0A9D009E56F0 /* ViewController.m in Sources */ = {isa = PBXBuildFile; fileRef = 91D1A64619AB0A9D009E56F0 /* ViewController.m */; };
		91D1A64A19AB0A9D009E56F0 /* Main.storyboard in Resources */ = {isa = PBXBuildFile; fileRef = 91D1A64819AB0A9D009E56F0 /* Main.storyboard */; };
		91D1A64C19AB0A9E009E56F0 /* Images.xcassets in Resources */ = {isa = PBXBuildFile; fileRef = 91D1A64B19AB0A9E009E56F0 /* Images.xcassets */; };
		91D1A65819AB0A9E009E56F0 /* ViewTransitionTests.m in Sources */ = {isa = PBXBuildFile; fileRef = 91D1A65719AB0A9E009E56F0 /* ViewTransitionTests.m */; };
		91D1A66319AB0CE0009E56F0 /* KCTabBarViewController.m in Sources */ = {isa = PBXBuildFile; fileRef = 91D1A66219AB0CE0009E56F0 /* KCTabBarViewController.m */; };
		91D1A66619AB0EC7009E56F0 /* KCWebChatViewController.m in Sources */ = {isa = PBXBuildFile; fileRef = 91D1A66519AB0EC7009E56F0 /* KCWebChatViewController.m */; };
		91D1A66919AB0ED9009E56F0 /* KCContactViewController.m in Sources */ = {isa = PBXBuildFile; fileRef = 91D1A66819AB0ED9009E56F0 /* KCContactViewController.m */; };
		91D1A67319AB2A5A009E56F0 /* tabbar_contacts@2x.png in Resources */ = {isa = PBXBuildFile; fileRef = 91D1A66B19AB2A5A009E56F0 /* tabbar_contacts@2x.png */; };
		91D1A67419AB2A5A009E56F0 /* tabbar_contactsHL@2x.png in Resources */ = {isa = PBXBuildFile; fileRef = 91D1A66C19AB2A5A009E56F0 /* tabbar_contactsHL@2x.png */; };
		91D1A67519AB2A5A009E56F0 /* tabbar_discover@2x.png in Resources */ = {isa = PBXBuildFile; fileRef = 91D1A66D19AB2A5A009E56F0 /* tabbar_discover@2x.png */; };
		91D1A67619AB2A5A009E56F0 /* tabbar_discoverHL@2x.png in Resources */ = {isa = PBXBuildFile; fileRef = 91D1A66E19AB2A5A009E56F0 /* tabbar_discoverHL@2x.png */; };
		91D1A67719AB2A5A009E56F0 /* tabbar_mainframe@2x.png in Resources */ = {isa = PBXBuildFile; fileRef = 91D1A66F19AB2A5A009E56F0 /* tabbar_mainframe@2x.png */; };
		91D1A67819AB2A5A009E56F0 /* tabbar_mainframeHL@2x.png in Resources */ = {isa = PBXBuildFile; fileRef = 91D1A67019AB2A5A009E56F0 /* tabbar_mainframeHL@2x.png */; };
		91D1A67919AB2A5A009E56F0 /* tabbar_me@2x.png in Resources */ = {isa = PBXBuildFile; fileRef = 91D1A67119AB2A5A009E56F0 /* tabbar_me@2x.png */; };
		91D1A67A19AB2A5A009E56F0 /* tabbar_meHL@2x.png in Resources */ = {isa = PBXBuildFile; fileRef = 91D1A67219AB2A5A009E56F0 /* tabbar_meHL@2x.png */; };
/* End PBXBuildFile section */

/* Begin PBXContainerItemProxy section */
		91D1A65219AB0A9E009E56F0 /* PBXContainerItemProxy */ = {
			isa = PBXContainerItemProxy;
			containerPortal = 91D1A63319AB0A9D009E56F0 /* Project object */;
			proxyType = 1;
			remoteGlobalIDString = 91D1A63A19AB0A9D009E56F0;
			remoteInfo = ViewTransition;
		};
/* End PBXContainerItemProxy section */

/* Begin PBXFileReference section */
		912D1DF419AC755100EFA956 /* KCPublicAccountViewController.h */ = {isa = PBXFileReference; fileEncoding = 4; lastKnownFileType = sourcecode.c.h; path = KCPublicAccountViewController.h; sourceTree = "<group>"; };
		912D1DF519AC755100EFA956 /* KCPublicAccountViewController.m */ = {isa = PBXFileReference; fileEncoding = 4; lastKnownFileType = sourcecode.c.objc; path = KCPublicAccountViewController.m; sourceTree = "<group>"; };
		9141794119AD8CED00EA1D53 /* KCMainViewController.h */ = {isa = PBXFileReference; fileEncoding = 4; lastKnownFileType = sourcecode.c.h; path = KCMainViewController.h; sourceTree = "<group>"; };
		9141794219AD8CED00EA1D53 /* KCMainViewController.m */ = {isa = PBXFileReference; fileEncoding = 4; lastKnownFileType = sourcecode.c.objc; path = KCMainViewController.m; sourceTree = "<group>"; };
		9141794419AD8D5C00EA1D53 /* KCLoginViewController.h */ = {isa = PBXFileReference; fileEncoding = 4; lastKnownFileType = sourcecode.c.h; path = KCLoginViewController.h; sourceTree = "<group>"; };
		9141794519AD8D5C00EA1D53 /* KCLoginViewController.m */ = {isa = PBXFileReference; fileEncoding = 4; lastKnownFileType = sourcecode.c.objc; path = KCLoginViewController.m; sourceTree = "<group>"; };
		91CE1E0119ADCA4B00E68327 /* bottleTipButtonNormal@2x.png */ = {isa = PBXFileReference; lastKnownFileType = image.png; path = "bottleTipButtonNormal@2x.png"; sourceTree = "<group>"; };
		91CE1E0319ADD43300E68327 /* KCMeViewController.h */ = {isa = PBXFileReference; fileEncoding = 4; lastKnownFileType = sourcecode.c.h; path = KCMeViewController.h; sourceTree = "<group>"; };
		91CE1E0419ADD43300E68327 /* KCMeViewController.m */ = {isa = PBXFileReference; fileEncoding = 4; lastKnownFileType = sourcecode.c.objc; path = KCMeViewController.m; sourceTree = "<group>"; };
		91D0FA3119AC5A39000AD370 /* KCFriendViewController.h */ = {isa = PBXFileReference; fileEncoding = 4; lastKnownFileType = sourcecode.c.h; path = KCFriendViewController.h; sourceTree = "<group>"; };
		91D0FA3219AC5A39000AD370 /* KCFriendViewController.m */ = {isa = PBXFileReference; fileEncoding = 4; lastKnownFileType = sourcecode.c.objc; path = KCFriendViewController.m; sourceTree = "<group>"; };
		91D0FA3419AC5A4E000AD370 /* KCQQContactViewController.h */ = {isa = PBXFileReference; fileEncoding = 4; lastKnownFileType = sourcecode.c.h; path = KCQQContactViewController.h; sourceTree = "<group>"; };
		91D0FA3519AC5A4E000AD370 /* KCQQContactViewController.m */ = {isa = PBXFileReference; fileEncoding = 4; lastKnownFileType = sourcecode.c.objc; path = KCQQContactViewController.m; sourceTree = "<group>"; };
		91D0FA3719AC6A27000AD370 /* ff_IconAdd@2x.png */ = {isa = PBXFileReference; lastKnownFileType = image.png; path = "ff_IconAdd@2x.png"; sourceTree = "<group>"; };
		91D1A63B19AB0A9D009E56F0 /* ViewTransition.app */ = {isa = PBXFileReference; explicitFileType = wrapper.application; includeInIndex = 0; path = ViewTransition.app; sourceTree = BUILT_PRODUCTS_DIR; };
		91D1A63F19AB0A9D009E56F0 /* Info.plist */ = {isa = PBXFileReference; lastKnownFileType = text.plist.xml; path = Info.plist; sourceTree = "<group>"; };
		91D1A64019AB0A9D009E56F0 /* main.m */ = {isa = PBXFileReference; lastKnownFileType = sourcecode.c.objc; path = main.m; sourceTree = "<group>"; };
		91D1A64219AB0A9D009E56F0 /* AppDelegate.h */ = {isa = PBXFileReference; lastKnownFileType = sourcecode.c.h; path = AppDelegate.h; sourceTree = "<group>"; };
		91D1A64319AB0A9D009E56F0 /* AppDelegate.m */ = {isa = PBXFileReference; lastKnownFileType = sourcecode.c.objc; path = AppDelegate.m; sourceTree = "<group>"; };
		91D1A64519AB0A9D009E56F0 /* ViewController.h */ = {isa = PBXFileReference; lastKnownFileType = sourcecode.c.h; path = ViewController.h; sourceTree = "<group>"; };
		91D1A64619AB0A9D009E56F0 /* ViewController.m */ = {isa = PBXFileReference; lastKnownFileType = sourcecode.c.objc; path = ViewController.m; sourceTree = "<group>"; };
		91D1A64919AB0A9D009E56F0 /* Base */ = {isa = PBXFileReference; lastKnownFileType = file.storyboard; name = Base; path = Base.lproj/Main.storyboard; sourceTree = "<group>"; };
		91D1A64B19AB0A9E009E56F0 /* Images.xcassets */ = {isa = PBXFileReference; lastKnownFileType = folder.assetcatalog; path = Images.xcassets; sourceTree = "<group>"; };
		91D1A65119AB0A9E009E56F0 /* ViewTransitionTests.xctest */ = {isa = PBXFileReference; explicitFileType = wrapper.cfbundle; includeInIndex = 0; path = ViewTransitionTests.xctest; sourceTree = BUILT_PRODUCTS_DIR; };
		91D1A65619AB0A9E009E56F0 /* Info.plist */ = {isa = PBXFileReference; lastKnownFileType = text.plist.xml; path = Info.plist; sourceTree = "<group>"; };
		91D1A65719AB0A9E009E56F0 /* ViewTransitionTests.m */ = {isa = PBXFileReference; lastKnownFileType = sourcecode.c.objc; path = ViewTransitionTests.m; sourceTree = "<group>"; };
		91D1A66119AB0CE0009E56F0 /* KCTabBarViewController.h */ = {isa = PBXFileReference; fileEncoding = 4; lastKnownFileType = sourcecode.c.h; path = KCTabBarViewController.h; sourceTree = "<group>"; };
		91D1A66219AB0CE0009E56F0 /* KCTabBarViewController.m */ = {isa = PBXFileReference; fileEncoding = 4; lastKnownFileType = sourcecode.c.objc; path = KCTabBarViewController.m; sourceTree = "<group>"; };
		91D1A66419AB0EC7009E56F0 /* KCWebChatViewController.h */ = {isa = PBXFileReference; fileEncoding = 4; lastKnownFileType = sourcecode.c.h; path = KCWebChatViewController.h; sourceTree = "<group>"; };
		91D1A66519AB0EC7009E56F0 /* KCWebChatViewController.m */ = {isa = PBXFileReference; fileEncoding = 4; lastKnownFileType = sourcecode.c.objc; path = KCWebChatViewController.m; sourceTree = "<group>"; };
		91D1A66719AB0ED9009E56F0 /* KCContactViewController.h */ = {isa = PBXFileReference; fileEncoding = 4; lastKnownFileType = sourcecode.c.h; path = KCContactViewController.h; sourceTree = "<group>"; };
		91D1A66819AB0ED9009E56F0 /* KCContactViewController.m */ = {isa = PBXFileReference; fileEncoding = 4; lastKnownFileType = sourcecode.c.objc; path = KCContactViewController.m; sourceTree = "<group>"; };
		91D1A66B19AB2A5A009E56F0 /* tabbar_contacts@2x.png */ = {isa = PBXFileReference; lastKnownFileType = image.png; path = "tabbar_contacts@2x.png"; sourceTree = "<group>"; };
		91D1A66C19AB2A5A009E56F0 /* tabbar_contactsHL@2x.png */ = {isa = PBXFileReference; lastKnownFileType = image.png; path = "tabbar_contactsHL@2x.png"; sourceTree = "<group>"; };
		91D1A66D19AB2A5A009E56F0 /* tabbar_discover@2x.png */ = {isa = PBXFileReference; lastKnownFileType = image.png; path = "tabbar_discover@2x.png"; sourceTree = "<group>"; };
		91D1A66E19AB2A5A009E56F0 /* tabbar_discoverHL@2x.png */ = {isa = PBXFileReference; lastKnownFileType = image.png; path = "tabbar_discoverHL@2x.png"; sourceTree = "<group>"; };
		91D1A66F19AB2A5A009E56F0 /* tabbar_mainframe@2x.png */ = {isa = PBXFileReference; lastKnownFileType = image.png; path = "tabbar_mainframe@2x.png"; sourceTree = "<group>"; };
		91D1A67019AB2A5A009E56F0 /* tabbar_mainframeHL@2x.png */ = {isa = PBXFileReference; lastKnownFileType = image.png; path = "tabbar_mainframeHL@2x.png"; sourceTree = "<group>"; };
		91D1A67119AB2A5A009E56F0 /* tabbar_me@2x.png */ = {isa = PBXFileReference; lastKnownFileType = image.png; path = "tabbar_me@2x.png"; sourceTree = "<group>"; };
		91D1A67219AB2A5A009E56F0 /* tabbar_meHL@2x.png */ = {isa = PBXFileReference; lastKnownFileType = image.png; path = "tabbar_meHL@2x.png"; sourceTree = "<group>"; };
/* End PBXFileReference section */

/* Begin PBXFrameworksBuildPhase section */
		91D1A63819AB0A9D009E56F0 /* Frameworks */ = {
			isa = PBXFrameworksBuildPhase;
			buildActionMask = 2147483647;
			files = (
			);
			runOnlyForDeploymentPostprocessing = 0;
		};
		91D1A64E19AB0A9E009E56F0 /* Frameworks */ = {
			isa = PBXFrameworksBuildPhase;
			buildActionMask = 2147483647;
			files = (
			);
			runOnlyForDeploymentPostprocessing = 0;
		};
/* End PBXFrameworksBuildPhase section */

/* Begin PBXGroup section */
		912D1DF719AC906100EFA956 /* Navigation */ = {
			isa = PBXGroup;
			children = (
				91D0FA3419AC5A4E000AD370 /* KCQQContactViewController.h */,
				91D0FA3519AC5A4E000AD370 /* KCQQContactViewController.m */,
				91D0FA3119AC5A39000AD370 /* KCFriendViewController.h */,
				91D0FA3219AC5A39000AD370 /* KCFriendViewController.m */,
				912D1DF419AC755100EFA956 /* KCPublicAccountViewController.h */,
				912D1DF519AC755100EFA956 /* KCPublicAccountViewController.m */,
			);
			name = Navigation;
			sourceTree = "<group>";
		};
		91D0FA2D19AC598D000AD370 /* Tabbar */ = {
			isa = PBXGroup;
			children = (
				91D1A66119AB0CE0009E56F0 /* KCTabBarViewController.h */,
				91D1A66219AB0CE0009E56F0 /* KCTabBarViewController.m */,
				91D1A66419AB0EC7009E56F0 /* KCWebChatViewController.h */,
				91D1A66519AB0EC7009E56F0 /* KCWebChatViewController.m */,
				91D1A66719AB0ED9009E56F0 /* KCContactViewController.h */,
				91D1A66819AB0ED9009E56F0 /* KCContactViewController.m */,
			);
			name = Tabbar;
			sourceTree = "<group>";
		};
		91D1A63219AB0A9D009E56F0 = {
			isa = PBXGroup;
			children = (
				91D1A63D19AB0A9D009E56F0 /* ViewTransition */,
				91D1A65419AB0A9E009E56F0 /* ViewTransitionTests */,
				91D1A63C19AB0A9D009E56F0 /* Products */,
			);
			sourceTree = "<group>";
		};
		91D1A63C19AB0A9D009E56F0 /* Products */ = {
			isa = PBXGroup;
			children = (
				91D1A63B19AB0A9D009E56F0 /* ViewTransition.app */,
				91D1A65119AB0A9E009E56F0 /* ViewTransitionTests.xctest */,
			);
			name = Products;
			sourceTree = "<group>";
		};
		91D1A63D19AB0A9D009E56F0 /* ViewTransition */ = {
			isa = PBXGroup;
			children = (
				912D1DF719AC906100EFA956 /* Navigation */,
				91D0FA2D19AC598D000AD370 /* Tabbar */,
				91D1A64219AB0A9D009E56F0 /* AppDelegate.h */,
				91D1A64319AB0A9D009E56F0 /* AppDelegate.m */,
				91D1A64519AB0A9D009E56F0 /* ViewController.h */,
				91D1A64619AB0A9D009E56F0 /* ViewController.m */,
				91D1A64819AB0A9D009E56F0 /* Main.storyboard */,
				91D1A64B19AB0A9E009E56F0 /* Images.xcassets */,
				91D1A63E19AB0A9D009E56F0 /* Supporting Files */,
				9141794119AD8CED00EA1D53 /* KCMainViewController.h */,
				9141794219AD8CED00EA1D53 /* KCMainViewController.m */,
				9141794419AD8D5C00EA1D53 /* KCLoginViewController.h */,
				9141794519AD8D5C00EA1D53 /* KCLoginViewController.m */,
				91CE1E0319ADD43300E68327 /* KCMeViewController.h */,
				91CE1E0419ADD43300E68327 /* KCMeViewController.m */,
			);
			path = ViewTransition;
			sourceTree = "<group>";
		};
		91D1A63E19AB0A9D009E56F0 /* Supporting Files */ = {
			isa = PBXGroup;
			children = (
				91D1A66A19AB2A51009E56F0 /* Resources */,
				91D1A63F19AB0A9D009E56F0 /* Info.plist */,
				91D1A64019AB0A9D009E56F0 /* main.m */,
			);
			name = "Supporting Files";
			sourceTree = "<group>";
		};
		91D1A65419AB0A9E009E56F0 /* ViewTransitionTests */ = {
			isa = PBXGroup;
			children = (
				91D1A65719AB0A9E009E56F0 /* ViewTransitionTests.m */,
				91D1A65519AB0A9E009E56F0 /* Supporting Files */,
			);
			path = ViewTransitionTests;
			sourceTree = "<group>";
		};
		91D1A65519AB0A9E009E56F0 /* Supporting Files */ = {
			isa = PBXGroup;
			children = (
				91D1A65619AB0A9E009E56F0 /* Info.plist */,
			);
			name = "Supporting Files";
			sourceTree = "<group>";
		};
		91D1A66A19AB2A51009E56F0 /* Resources */ = {
			isa = PBXGroup;
			children = (
				91CE1E0119ADCA4B00E68327 /* bottleTipButtonNormal@2x.png */,
				91D0FA3719AC6A27000AD370 /* ff_IconAdd@2x.png */,
				91D1A66B19AB2A5A009E56F0 /* tabbar_contacts@2x.png */,
				91D1A66C19AB2A5A009E56F0 /* tabbar_contactsHL@2x.png */,
				91D1A66D19AB2A5A009E56F0 /* tabbar_discover@2x.png */,
				91D1A66E19AB2A5A009E56F0 /* tabbar_discoverHL@2x.png */,
				91D1A66F19AB2A5A009E56F0 /* tabbar_mainframe@2x.png */,
				91D1A67019AB2A5A009E56F0 /* tabbar_mainframeHL@2x.png */,
				91D1A67119AB2A5A009E56F0 /* tabbar_me@2x.png */,
				91D1A67219AB2A5A009E56F0 /* tabbar_meHL@2x.png */,
			);
			name = Resources;
			sourceTree = "<group>";
		};
/* End PBXGroup section */

/* Begin PBXNativeTarget section */
		91D1A63A19AB0A9D009E56F0 /* ViewTransition */ = {
			isa = PBXNativeTarget;
			buildConfigurationList = 91D1A65B19AB0A9E009E56F0 /* Build configuration list for PBXNativeTarget "ViewTransition" */;
			buildPhases = (
				91D1A63719AB0A9D009E56F0 /* Sources */,
				91D1A63819AB0A9D009E56F0 /* Frameworks */,
				91D1A63919AB0A9D009E56F0 /* Resources */,
			);
			buildRules = (
			);
			dependencies = (
			);
			name = ViewTransition;
			productName = ViewTransition;
			productReference = 91D1A63B19AB0A9D009E56F0 /* ViewTransition.app */;
			productType = "com.apple.product-type.application";
		};
		91D1A65019AB0A9E009E56F0 /* ViewTransitionTests */ = {
			isa = PBXNativeTarget;
			buildConfigurationList = 91D1A65E19AB0A9E009E56F0 /* Build configuration list for PBXNativeTarget "ViewTransitionTests" */;
			buildPhases = (
				91D1A64D19AB0A9E009E56F0 /* Sources */,
				91D1A64E19AB0A9E009E56F0 /* Frameworks */,
				91D1A64F19AB0A9E009E56F0 /* Resources */,
			);
			buildRules = (
			);
			dependencies = (
				91D1A65319AB0A9E009E56F0 /* PBXTargetDependency */,
			);
			name = ViewTransitionTests;
			productName = ViewTransitionTests;
			productReference = 91D1A65119AB0A9E009E56F0 /* ViewTransitionTests.xctest */;
			productType = "com.apple.product-type.bundle.unit-test";
		};
/* End PBXNativeTarget section */

/* Begin PBXProject section */
		91D1A63319AB0A9D009E56F0 /* Project object */ = {
			isa = PBXProject;
			attributes = {
				LastUpgradeCheck = 0600;
				ORGANIZATIONNAME = "Kenshin Cui";
				TargetAttributes = {
					91D1A63A19AB0A9D009E56F0 = {
						CreatedOnToolsVersion = 6.0;
					};
					91D1A65019AB0A9E009E56F0 = {
						CreatedOnToolsVersion = 6.0;
						TestTargetID = 91D1A63A19AB0A9D009E56F0;
					};
				};
			};
			buildConfigurationList = 91D1A63619AB0A9D009E56F0 /* Build configuration list for PBXProject "ViewTransition" */;
			compatibilityVersion = "Xcode 3.2";
			developmentRegion = English;
			hasScannedForEncodings = 0;
			knownRegions = (
				en,
				Base,
			);
			mainGroup = 91D1A63219AB0A9D009E56F0;
			productRefGroup = 91D1A63C19AB0A9D009E56F0 /* Products */;
			projectDirPath = "";
			projectRoot = "";
			targets = (
				91D1A63A19AB0A9D009E56F0 /* ViewTransition */,
				91D1A65019AB0A9E009E56F0 /* ViewTransitionTests */,
			);
		};
/* End PBXProject section */

/* Begin PBXResourcesBuildPhase section */
		91D1A63919AB0A9D009E56F0 /* Resources */ = {
			isa = PBXResourcesBuildPhase;
			buildActionMask = 2147483647;
			files = (
				91D1A67A19AB2A5A009E56F0 /* tabbar_meHL@2x.png in Resources */,
				91D1A64A19AB0A9D009E56F0 /* Main.storyboard in Resources */,
				91D1A67519AB2A5A009E56F0 /* tabbar_discover@2x.png in Resources */,
				91D1A67919AB2A5A009E56F0 /* tabbar_me@2x.png in Resources */,
				91D1A64C19AB0A9E009E56F0 /* Images.xcassets in Resources */,
				91D1A67319AB2A5A009E56F0 /* tabbar_contacts@2x.png in Resources */,
				91D1A67419AB2A5A009E56F0 /* tabbar_contactsHL@2x.png in Resources */,
				91D1A67819AB2A5A009E56F0 /* tabbar_mainframeHL@2x.png in Resources */,
				91D1A67619AB2A5A009E56F0 /* tabbar_discoverHL@2x.png in Resources */,
				91CE1E0219ADCA4B00E68327 /* bottleTipButtonNormal@2x.png in Resources */,
				91D0FA3819AC6A27000AD370 /* ff_IconAdd@2x.png in Resources */,
				91D1A67719AB2A5A009E56F0 /* tabbar_mainframe@2x.png in Resources */,
			);
			runOnlyForDeploymentPostprocessing = 0;
		};
		91D1A64F19AB0A9E009E56F0 /* Resources */ = {
			isa = PBXResourcesBuildPhase;
			buildActionMask = 2147483647;
			files = (
			);
			runOnlyForDeploymentPostprocessing = 0;
		};
/* End PBXResourcesBuildPhase section */

/* Begin PBXSourcesBuildPhase section */
		91D1A63719AB0A9D009E56F0 /* Sources */ = {
			isa = PBXSourcesBuildPhase;
			buildActionMask = 2147483647;
			files = (
				9141794619AD8D5C00EA1D53 /* KCLoginViewController.m in Sources */,
				91D0FA3619AC5A4E000AD370 /* KCQQContactViewController.m in Sources */,
				91D0FA3319AC5A39000AD370 /* KCFriendViewController.m in Sources */,
				91D1A66619AB0EC7009E56F0 /* KCWebChatViewController.m in Sources */,
				91D1A66319AB0CE0009E56F0 /* KCTabBarViewController.m in Sources */,
				912D1DF619AC755100EFA956 /* KCPublicAccountViewController.m in Sources */,
				91CE1E0519ADD43300E68327 /* KCMeViewController.m in Sources */,
				91D1A64719AB0A9D009E56F0 /* ViewController.m in Sources */,
				91D1A64419AB0A9D009E56F0 /* AppDelegate.m in Sources */,
				9141794319AD8CED00EA1D53 /* KCMainViewController.m in Sources */,
				91D1A66919AB0ED9009E56F0 /* KCContactViewController.m in Sources */,
				91D1A64119AB0A9D009E56F0 /* main.m in Sources */,
			);
			runOnlyForDeploymentPostprocessing = 0;
		};
		91D1A64D19AB0A9E009E56F0 /* Sources */ = {
			isa = PBXSourcesBuildPhase;
			buildActionMask = 2147483647;
			files = (
				91D1A65819AB0A9E009E56F0 /* ViewTransitionTests.m in Sources */,
			);
			runOnlyForDeploymentPostprocessing = 0;
		};
/* End PBXSourcesBuildPhase section */

/* Begin PBXTargetDependency section */
		91D1A65319AB0A9E009E56F0 /* PBXTargetDependency */ = {
			isa = PBXTargetDependency;
			target = 91D1A63A19AB0A9D009E56F0 /* ViewTransition */;
			targetProxy = 91D1A65219AB0A9E009E56F0 /* PBXContainerItemProxy */;
		};
/* End PBXTargetDependency section */

/* Begin PBXVariantGroup section */
		91D1A64819AB0A9D009E56F0 /* Main.storyboard */ = {
			isa = PBXVariantGroup;
			children = (
				91D1A64919AB0A9D009E56F0 /* Base */,
			);
			name = Main.storyboard;
			sourceTree = "<group>";
		};
/* End PBXVariantGroup section */

/* Begin XCBuildConfiguration section */
		91D1A65919AB0A9E009E56F0 /* Debug */ = {
			isa = XCBuildConfiguration;
			buildSettings = {
				ALWAYS_SEARCH_USER_PATHS = NO;
				CLANG_CXX_LANGUAGE_STANDARD = "gnu++0x";
				CLANG_CXX_LIBRARY = "libc++";
				CLANG_ENABLE_MODULES = YES;
				CLANG_ENABLE_OBJC_ARC = YES;
				CLANG_WARN_BOOL_CONVERSION = YES;
				CLANG_WARN_CONSTANT_CONVERSION = YES;
				CLANG_WARN_DIRECT_OBJC_ISA_USAGE = YES_ERROR;
				CLANG_WARN_EMPTY_BODY = YES;
				CLANG_WARN_ENUM_CONVERSION = YES;
				CLANG_WARN_INT_CONVERSION = YES;
				CLANG_WARN_OBJC_ROOT_CLASS = YES_ERROR;
				CLANG_WARN_UNREACHABLE_CODE = YES;
				CLANG_WARN__DUPLICATE_METHOD_MATCH = YES;
				"CODE_SIGN_IDENTITY[sdk=iphoneos*]" = "iPhone Developer";
				COPY_PHASE_STRIP = NO;
				ENABLE_STRICT_OBJC_MSGSEND = YES;
				GCC_C_LANGUAGE_STANDARD = gnu99;
				GCC_DYNAMIC_NO_PIC = NO;
				GCC_OPTIMIZATION_LEVEL = 0;
				GCC_PREPROCESSOR_DEFINITIONS = (
					"DEBUG=1",
					"$(inherited)",
				);
				GCC_SYMBOLS_PRIVATE_EXTERN = NO;
				GCC_WARN_64_TO_32_BIT_CONVERSION = YES;
				GCC_WARN_ABOUT_RETURN_TYPE = YES_ERROR;
				GCC_WARN_UNDECLARED_SELECTOR = YES;
				GCC_WARN_UNINITIALIZED_AUTOS = YES_AGGRESSIVE;
				GCC_WARN_UNUSED_FUNCTION = YES;
				GCC_WARN_UNUSED_VARIABLE = YES;
				IPHONEOS_DEPLOYMENT_TARGET = 8.0;
				MTL_ENABLE_DEBUG_INFO = YES;
				ONLY_ACTIVE_ARCH = YES;
				SDKROOT = iphoneos;
			};
			name = Debug;
		};
		91D1A65A19AB0A9E009E56F0 /* Release */ = {
			isa = XCBuildConfiguration;
			buildSettings = {
				ALWAYS_SEARCH_USER_PATHS = NO;
				CLANG_CXX_LANGUAGE_STANDARD = "gnu++0x";
				CLANG_CXX_LIBRARY = "libc++";
				CLANG_ENABLE_MODULES = YES;
				CLANG_ENABLE_OBJC_ARC = YES;
				CLANG_WARN_BOOL_CONVERSION = YES;
				CLANG_WARN_CONSTANT_CONVERSION = YES;
				CLANG_WARN_DIRECT_OBJC_ISA_USAGE = YES_ERROR;
				CLANG_WARN_EMPTY_BODY = YES;
				CLANG_WARN_ENUM_CONVERSION = YES;
				CLANG_WARN_INT_CONVERSION = YES;
				CLANG_WARN_OBJC_ROOT_CLASS = YES_ERROR;
				CLANG_WARN_UNREACHABLE_CODE = YES;
				CLANG_WARN__DUPLICATE_METHOD_MATCH = YES;
				"CODE_SIGN_IDENTITY[sdk=iphoneos*]" = "iPhone Developer";
				COPY_PHASE_STRIP = YES;
				ENABLE_NS_ASSERTIONS = NO;
				ENABLE_STRICT_OBJC_MSGSEND = YES;
				GCC_C_LANGUAGE_STANDARD = gnu99;
				GCC_WARN_64_TO_32_BIT_CONVERSION = YES;
				GCC_WARN_ABOUT_RETURN_TYPE = YES_ERROR;
				GCC_WARN_UNDECLARED_SELECTOR = YES;
				GCC_WARN_UNINITIALIZED_AUTOS = YES_AGGRESSIVE;
				GCC_WARN_UNUSED_FUNCTION = YES;
				GCC_WARN_UNUSED_VARIABLE = YES;
				IPHONEOS_DEPLOYMENT_TARGET = 8.0;
				MTL_ENABLE_DEBUG_INFO = NO;
				SDKROOT = iphoneos;
				VALIDATE_PRODUCT = YES;
			};
			name = Release;
		};
		91D1A65C19AB0A9E009E56F0 /* Debug */ = {
			isa = XCBuildConfiguration;
			buildSettings = {
				ASSETCATALOG_COMPILER_APPICON_NAME = AppIcon;
				ASSETCATALOG_COMPILER_LAUNCHIMAGE_NAME = LaunchImage;
				INFOPLIST_FILE = ViewTransition/Info.plist;
				LD_RUNPATH_SEARCH_PATHS = "$(inherited) @executable_path/Frameworks";
				PRODUCT_NAME = "$(TARGET_NAME)";
			};
			name = Debug;
		};
		91D1A65D19AB0A9E009E56F0 /* Release */ = {
			isa = XCBuildConfiguration;
			buildSettings = {
				ASSETCATALOG_COMPILER_APPICON_NAME = AppIcon;
				ASSETCATALOG_COMPILER_LAUNCHIMAGE_NAME = LaunchImage;
				INFOPLIST_FILE = ViewTransition/Info.plist;
				LD_RUNPATH_SEARCH_PATHS = "$(inherited) @executable_path/Frameworks";
				PRODUCT_NAME = "$(TARGET_NAME)";
			};
			name = Release;
		};
		91D1A65F19AB0A9E009E56F0 /* Debug */ = {
			isa = XCBuildConfiguration;
			buildSettings = {
				BUNDLE_LOADER = "$(BUILT_PRODUCTS_DIR)/ViewTransition.app/ViewTransition";
				FRAMEWORK_SEARCH_PATHS = (
					"$(SDKROOT)/Developer/Library/Frameworks",
					"$(inherited)",
				);
				GCC_PREPROCESSOR_DEFINITIONS = (
					"DEBUG=1",
					"$(inherited)",
				);
				INFOPLIST_FILE = ViewTransitionTests/Info.plist;
				LD_RUNPATH_SEARCH_PATHS = "$(inherited) @executable_path/Frameworks @loader_path/Frameworks";
				PRODUCT_NAME = "$(TARGET_NAME)";
				TEST_HOST = "$(BUNDLE_LOADER)";
			};
			name = Debug;
		};
		91D1A66019AB0A9E009E56F0 /* Release */ = {
			isa = XCBuildConfiguration;
			buildSettings = {
				BUNDLE_LOADER = "$(BUILT_PRODUCTS_DIR)/ViewTransition.app/ViewTransition";
				FRAMEWORK_SEARCH_PATHS = (
					"$(SDKROOT)/Developer/Library/Frameworks",
					"$(inherited)",
				);
				INFOPLIST_FILE = ViewTransitionTests/Info.plist;
				LD_RUNPATH_SEARCH_PATHS = "$(inherited) @executable_path/Frameworks @loader_path/Frameworks";
				PRODUCT_NAME = "$(TARGET_NAME)";
				TEST_HOST = "$(BUNDLE_LOADER)";
			};
			name = Release;
		};
/* End XCBuildConfiguration section */

/* Begin XCConfigurationList section */
		91D1A63619AB0A9D009E56F0 /* Build configuration list for PBXProject "ViewTransition" */ = {
			isa = XCConfigurationList;
			buildConfigurations = (
				91D1A65919AB0A9E009E56F0 /* Debug */,
				91D1A65A19AB0A9E009E56F0 /* Release */,
			);
			defaultConfigurationIsVisible = 0;
			defaultConfigurationName = Release;
		};
		91D1A65B19AB0A9E009E56F0 /* Build configuration list for PBXNativeTarget "ViewTransition" */ = {
			isa = XCConfigurationList;
			buildConfigurations = (
				91D1A65C19AB0A9E009E56F0 /* Debug */,
				91D1A65D19AB0A9E009E56F0 /* Release */,
			);
			defaultConfigurationIsVisible = 0;
			defaultConfigurationName = Release;
		};
		91D1A65E19AB0A9E009E56F0 /* Build configuration list for PBXNativeTarget "ViewTransitionTests" */ = {
			isa = XCConfigurationList;
			buildConfigurations = (
				91D1A65F19AB0A9E009E56F0 /* Debug */,
				91D1A66019AB0A9E009E56F0 /* Release */,
			);
			defaultConfigurationIsVisible = 0;
			defaultConfigurationName = Release;
		};
/* End XCConfigurationList section */
	};
	rootObject = 91D1A63319AB0A9D009E56F0 /* Project object */;
}
